
Microsoft Visual Studio Solution File, Format Version 12.00
# Visual Studio Version 17
VisualStudioVersion = 17.11.35222.181
MinimumVisualStudioVersion = 10.0.40219.1
Project("{9A19103F-16F7-4668-BE54-9A1E7A4F7556}") = "lecture1", "lecture1\lecture1.csproj", "{54F87937-677A-4E3E-BF7F-1784E2081A5A}"
EndProject
Project("{9A19103F-16F7-4668-BE54-9A1E7A4F7556}") = "html_css.lecture2", "html_css.lecture2\html_css.lecture2.csproj", "{1EF92A4E-EA94-4D07-8194-64B7DD941FB8}"
EndProject
Global
	GlobalSection(SolutionConfigurationPlatforms) = preSolution
		Debug|Any CPU = Debug|Any CPU
		Release|Any CPU = Release|Any CPU
	EndGlobalSection
	GlobalSection(ProjectConfigurationPlatforms) = postSolution
		{54F87937-677A-4E3E-BF7F-1784E2081A5A}.Debug|Any CPU.ActiveCfg = Debug|Any CPU
		{54F87937-677A-4E3E-BF7F-1784E2081A5A}.Debug|Any CPU.Build.0 = Debug|Any CPU
		{54F87937-677A-4E3E-BF7F-1784E2081A5A}.Release|Any CPU.ActiveCfg = Release|Any CPU
		{54F87937-677A-4E3E-BF7F-1784E2081A5A}.Release|Any CPU.Build.0 = Release|Any CPU
		{1EF92A4E-EA94-4D07-8194-64B7DD941FB8}.Debug|Any CPU.ActiveCfg = Debug|Any CPU
		{1EF92A4E-EA94-4D07-8194-64B7DD941FB8}.Debug|Any CPU.Build.0 = Debug|Any CPU
		{1EF92A4E-EA94-4D07-8194-64B7DD941FB8}.Release|Any CPU.ActiveCfg = Release|Any CPU
		{1EF92A4E-EA94-4D07-8194-64B7DD941FB8}.Release|Any CPU.Build.0 = Release|Any CPU
	EndGlobalSection
	GlobalSection(SolutionProperties) = preSolution
		HideSolutionNode = FALSE
	EndGlobalSection
	GlobalSection(ExtensibilityGlobals) = postSolution
		SolutionGuid = {72652B1C-2CF7-4B5E-B828-B7BAB707D9EC}
	EndGlobalSection
EndGlobal
